
Microsoft Visual Studio Solution File, Format Version 12.00
# Visual Studio Version 17
VisualStudioVersion = 17.7.34031.279
MinimumVisualStudioVersion = 10.0.40219.1
Project("{FAE04EC0-301F-11D3-BF4B-00C04F79EFBC}") = "D11", "D11\D11.csproj", "{52774758-8404-4AA8-96BE-EF078B32C090}"
EndProject
Global
	GlobalSection(SolutionConfigurationPlatforms) = preSolution
		Debug|Any CPU = Debug|Any CPU
		Release|Any CPU = Release|Any CPU
	EndGlobalSection
	GlobalSection(ProjectConfigurationPlatforms) = postSolution
		{52774758-8404-4AA8-96BE-EF078B32C090}.Debug|Any CPU.ActiveCfg = Debug|Any CPU
		{52774758-8404-4AA8-96BE-EF078B32C090}.Debug|Any CPU.Build.0 = Debug|Any CPU
		{52774758-8404-4AA8-96BE-EF078B32C090}.Release|Any CPU.ActiveCfg = Release|Any CPU
		{52774758-8404-4AA8-96BE-EF078B32C090}.Release|Any CPU.Build.0 = Release|Any CPU
	EndGlobalSection
	GlobalSection(SolutionProperties) = preSolution
		HideSolutionNode = FALSE
	EndGlobalSection
	GlobalSection(ExtensibilityGlobals) = postSolution
		SolutionGuid = {0AB8549B-E417-4DFA-A0C2-636392E581AA}
	EndGlobalSection
EndGlobal
