
Microsoft Visual Studio Solution File, Format Version 12.00
# Visual Studio Version 17
VisualStudioVersion = 17.7.34031.279
MinimumVisualStudioVersion = 10.0.40219.1
Project("{FAE04EC0-301F-11D3-BF4B-00C04F79EFBC}") = "D13", "D13\D13.csproj", "{B6E7EF36-BC39-4225-BD5E-35EE4361F1F2}"
EndProject
Global
	GlobalSection(SolutionConfigurationPlatforms) = preSolution
		Debug|Any CPU = Debug|Any CPU
		Release|Any CPU = Release|Any CPU
	EndGlobalSection
	GlobalSection(ProjectConfigurationPlatforms) = postSolution
		{B6E7EF36-BC39-4225-BD5E-35EE4361F1F2}.Debug|Any CPU.ActiveCfg = Debug|Any CPU
		{B6E7EF36-BC39-4225-BD5E-35EE4361F1F2}.Debug|Any CPU.Build.0 = Debug|Any CPU
		{B6E7EF36-BC39-4225-BD5E-35EE4361F1F2}.Release|Any CPU.ActiveCfg = Release|Any CPU
		{B6E7EF36-BC39-4225-BD5E-35EE4361F1F2}.Release|Any CPU.Build.0 = Release|Any CPU
	EndGlobalSection
	GlobalSection(SolutionProperties) = preSolution
		HideSolutionNode = FALSE
	EndGlobalSection
	GlobalSection(ExtensibilityGlobals) = postSolution
		SolutionGuid = {C39FE7BF-1D08-4796-B226-6DD9BAE37735}
	EndGlobalSection
EndGlobal
