
Microsoft Visual Studio Solution File, Format Version 12.00
# Visual Studio Version 17
VisualStudioVersion = 17.5.33530.505
MinimumVisualStudioVersion = 10.0.40219.1
Project("{FAE04EC0-301F-11D3-BF4B-00C04F79EFBC}") = "D04", "D04\D04.csproj", "{31B8F3CB-224A-465C-9E1F-7BE592A568BE}"
EndProject
Global
	GlobalSection(SolutionConfigurationPlatforms) = preSolution
		Debug|Any CPU = Debug|Any CPU
		Release|Any CPU = Release|Any CPU
	EndGlobalSection
	GlobalSection(ProjectConfigurationPlatforms) = postSolution
		{31B8F3CB-224A-465C-9E1F-7BE592A568BE}.Debug|Any CPU.ActiveCfg = Debug|Any CPU
		{31B8F3CB-224A-465C-9E1F-7BE592A568BE}.Debug|Any CPU.Build.0 = Debug|Any CPU
		{31B8F3CB-224A-465C-9E1F-7BE592A568BE}.Release|Any CPU.ActiveCfg = Release|Any CPU
		{31B8F3CB-224A-465C-9E1F-7BE592A568BE}.Release|Any CPU.Build.0 = Release|Any CPU
	EndGlobalSection
	GlobalSection(SolutionProperties) = preSolution
		HideSolutionNode = FALSE
	EndGlobalSection
	GlobalSection(ExtensibilityGlobals) = postSolution
		SolutionGuid = {053AB5BA-84F7-4A00-86C8-644C528A1B5A}
	EndGlobalSection
EndGlobal
