
Microsoft Visual Studio Solution File, Format Version 12.00
# Visual Studio Version 17
VisualStudioVersion = 17.7.34031.279
MinimumVisualStudioVersion = 10.0.40219.1
Project("{FAE04EC0-301F-11D3-BF4B-00C04F79EFBC}") = "D15", "D15\D15.csproj", "{0CD9B886-803B-4F0E-8943-A68FFA89757D}"
EndProject
Global
	GlobalSection(SolutionConfigurationPlatforms) = preSolution
		Debug|Any CPU = Debug|Any CPU
		Release|Any CPU = Release|Any CPU
	EndGlobalSection
	GlobalSection(ProjectConfigurationPlatforms) = postSolution
		{0CD9B886-803B-4F0E-8943-A68FFA89757D}.Debug|Any CPU.ActiveCfg = Debug|Any CPU
		{0CD9B886-803B-4F0E-8943-A68FFA89757D}.Debug|Any CPU.Build.0 = Debug|Any CPU
		{0CD9B886-803B-4F0E-8943-A68FFA89757D}.Release|Any CPU.ActiveCfg = Release|Any CPU
		{0CD9B886-803B-4F0E-8943-A68FFA89757D}.Release|Any CPU.Build.0 = Release|Any CPU
	EndGlobalSection
	GlobalSection(SolutionProperties) = preSolution
		HideSolutionNode = FALSE
	EndGlobalSection
	GlobalSection(ExtensibilityGlobals) = postSolution
		SolutionGuid = {2597A85C-D4C0-4D26-8F2E-CF592E1D27D5}
	EndGlobalSection
EndGlobal
