
Microsoft Visual Studio Solution File, Format Version 12.00
# Visual Studio Version 17
VisualStudioVersion = 17.5.33530.505
MinimumVisualStudioVersion = 10.0.40219.1
Project("{FAE04EC0-301F-11D3-BF4B-00C04F79EFBC}") = "D08", "D08\D08.csproj", "{DE3B1023-E36B-4588-B77A-69BBF8E53DB8}"
EndProject
Global
	GlobalSection(SolutionConfigurationPlatforms) = preSolution
		Debug|Any CPU = Debug|Any CPU
		Release|Any CPU = Release|Any CPU
	EndGlobalSection
	GlobalSection(ProjectConfigurationPlatforms) = postSolution
		{DE3B1023-E36B-4588-B77A-69BBF8E53DB8}.Debug|Any CPU.ActiveCfg = Debug|Any CPU
		{DE3B1023-E36B-4588-B77A-69BBF8E53DB8}.Debug|Any CPU.Build.0 = Debug|Any CPU
		{DE3B1023-E36B-4588-B77A-69BBF8E53DB8}.Release|Any CPU.ActiveCfg = Release|Any CPU
		{DE3B1023-E36B-4588-B77A-69BBF8E53DB8}.Release|Any CPU.Build.0 = Release|Any CPU
	EndGlobalSection
	GlobalSection(SolutionProperties) = preSolution
		HideSolutionNode = FALSE
	EndGlobalSection
	GlobalSection(ExtensibilityGlobals) = postSolution
		SolutionGuid = {90249765-8991-40B9-8FED-E8C8F9C82457}
	EndGlobalSection
EndGlobal
